
Microsoft Visual Studio Solution File, Format Version 12.00
# Visual Studio Version 16
VisualStudioVersion = 16.0.31613.86
MinimumVisualStudioVersion = 10.0.40219.1
Project("{FAE04EC0-301F-11D3-BF4B-00C04F79EFBC}") = "Vehicles.Common", "Vehicles.Common\Vehicles.Common.csproj", "{7AAF7019-6803-49DC-B184-D140985BA5E9}"
EndProject
Project("{FAE04EC0-301F-11D3-BF4B-00C04F79EFBC}") = "Vehicles.API", "Vehicles.API\Vehicles.API.csproj", "{73DACE63-4900-4A9A-99E5-5B1EE491491A}"
EndProject
Global
	GlobalSection(SolutionConfigurationPlatforms) = preSolution
		Debug|Any CPU = Debug|Any CPU
		Release|Any CPU = Release|Any CPU
	EndGlobalSection
	GlobalSection(ProjectConfigurationPlatforms) = postSolution
		{7AAF7019-6803-49DC-B184-D140985BA5E9}.Debug|Any CPU.ActiveCfg = Debug|Any CPU
		{7AAF7019-6803-49DC-B184-D140985BA5E9}.Debug|Any CPU.Build.0 = Debug|Any CPU
		{7AAF7019-6803-49DC-B184-D140985BA5E9}.Release|Any CPU.ActiveCfg = Release|Any CPU
		{7AAF7019-6803-49DC-B184-D140985BA5E9}.Release|Any CPU.Build.0 = Release|Any CPU
		{73DACE63-4900-4A9A-99E5-5B1EE491491A}.Debug|Any CPU.ActiveCfg = Debug|Any CPU
		{73DACE63-4900-4A9A-99E5-5B1EE491491A}.Debug|Any CPU.Build.0 = Debug|Any CPU
		{73DACE63-4900-4A9A-99E5-5B1EE491491A}.Release|Any CPU.ActiveCfg = Release|Any CPU
		{73DACE63-4900-4A9A-99E5-5B1EE491491A}.Release|Any CPU.Build.0 = Release|Any CPU
	EndGlobalSection
	GlobalSection(SolutionProperties) = preSolution
		HideSolutionNode = FALSE
	EndGlobalSection
	GlobalSection(ExtensibilityGlobals) = postSolution
		SolutionGuid = {862C20D8-EF50-49F5-966D-329D02654B5C}
	EndGlobalSection
EndGlobal
